// !$*UTF8*$!
{
	archiveVersion = 1;
	classes = {
	};
	objectVersion = 56;
	objects = {

/* Begin PBXBuildFile section */
		307454DB2C779CF7009EEB13 /* landmarkData.json in Resources */ = {isa = PBXBuildFile; fileRef = 307454DA2C779CF7009EEB13 /* landmarkData.json */; };
		307454DD2C779D17009EEB13 /* Landmark.swift in Sources */ = {isa = PBXBuildFile; fileRef = 307454DC2C779D17009EEB13 /* Landmark.swift */; };
		307454DF2C779DEA009EEB13 /* ModelData.swift in Sources */ = {isa = PBXBuildFile; fileRef = 307454DE2C779DEA009EEB13 /* ModelData.swift */; };
		307454E42C77A1FE009EEB13 /* LandmarkRow.swift in Sources */ = {isa = PBXBuildFile; fileRef = 307454E32C77A1FE009EEB13 /* LandmarkRow.swift */; };
		307454E62C77A386009EEB13 /* LandmarkList.swift in Sources */ = {isa = PBXBuildFile; fileRef = 307454E52C77A386009EEB13 /* LandmarkList.swift */; };
		307454E82C77A62E009EEB13 /* LandmarkDetail.swift in Sources */ = {isa = PBXBuildFile; fileRef = 307454E72C77A62E009EEB13 /* LandmarkDetail.swift */; };
		307454EA2C77E53E009EEB13 /* FavoriteButton.swift in Sources */ = {isa = PBXBuildFile; fileRef = 307454E92C77E53E009EEB13 /* FavoriteButton.swift */; };
		30E93BEE2C778C33004521AB /* LandmarksApp.swift in Sources */ = {isa = PBXBuildFile; fileRef = 30E93BED2C778C33004521AB /* LandmarksApp.swift */; };
		30E93BF02C778C33004521AB /* ContentView.swift in Sources */ = {isa = PBXBuildFile; fileRef = 30E93BEF2C778C33004521AB /* ContentView.swift */; };
		30E93BF22C778C34004521AB /* Assets.xcassets in Resources */ = {isa = PBXBuildFile; fileRef = 30E93BF12C778C34004521AB /* Assets.xcassets */; };
		30E93BF52C778C34004521AB /* Preview Assets.xcassets in Resources */ = {isa = PBXBuildFile; fileRef = 30E93BF42C778C34004521AB /* Preview Assets.xcassets */; };
		30E93BFE2C7792AC004521AB /* CircleImage.swift in Sources */ = {isa = PBXBuildFile; fileRef = 30E93BFD2C7792AC004521AB /* CircleImage.swift */; };
		30E93C002C77933F004521AB /* MapView.swift in Sources */ = {isa = PBXBuildFile; fileRef = 30E93BFF2C77933F004521AB /* MapView.swift */; };
		321AFD9E2C7E48F700EA6F90 /* CategoryHome.swift in Sources */ = {isa = PBXBuildFile; fileRef = 321AFD9D2C7E48F700EA6F90 /* CategoryHome.swift */; };
		321AFDA02C7E4ADE00EA6F90 /* hikeData.json in Resources */ = {isa = PBXBuildFile; fileRef = 321AFD9F2C7E4ADE00EA6F90 /* hikeData.json */; };
/* End PBXBuildFile section */

/* Begin PBXFileReference section */
		307454DA2C779CF7009EEB13 /* landmarkData.json */ = {isa = PBXFileReference; fileEncoding = 4; lastKnownFileType = text.json; path = landmarkData.json; sourceTree = "<group>"; };
		307454DC2C779D17009EEB13 /* Landmark.swift */ = {isa = PBXFileReference; lastKnownFileType = sourcecode.swift; path = Landmark.swift; sourceTree = "<group>"; };
		307454DE2C779DEA009EEB13 /* ModelData.swift */ = {isa = PBXFileReference; lastKnownFileType = sourcecode.swift; path = ModelData.swift; sourceTree = "<group>"; };
		307454E32C77A1FE009EEB13 /* LandmarkRow.swift */ = {isa = PBXFileReference; lastKnownFileType = sourcecode.swift; path = LandmarkRow.swift; sourceTree = "<group>"; };
		307454E52C77A386009EEB13 /* LandmarkList.swift */ = {isa = PBXFileReference; lastKnownFileType = sourcecode.swift; path = LandmarkList.swift; sourceTree = "<group>"; };
		307454E72C77A62E009EEB13 /* LandmarkDetail.swift */ = {isa = PBXFileReference; lastKnownFileType = sourcecode.swift; path = LandmarkDetail.swift; sourceTree = "<group>"; };
		307454E92C77E53E009EEB13 /* FavoriteButton.swift */ = {isa = PBXFileReference; lastKnownFileType = sourcecode.swift; path = FavoriteButton.swift; sourceTree = "<group>"; };
		30E93BEA2C778C33004521AB /* Landmarks.app */ = {isa = PBXFileReference; explicitFileType = wrapper.application; includeInIndex = 0; path = Landmarks.app; sourceTree = BUILT_PRODUCTS_DIR; };
		30E93BED2C778C33004521AB /* LandmarksApp.swift */ = {isa = PBXFileReference; lastKnownFileType = sourcecode.swift; path = LandmarksApp.swift; sourceTree = "<group>"; };
		30E93BEF2C778C33004521AB /* ContentView.swift */ = {isa = PBXFileReference; lastKnownFileType = sourcecode.swift; path = ContentView.swift; sourceTree = "<group>"; };
		30E93BF12C778C34004521AB /* Assets.xcassets */ = {isa = PBXFileReference; lastKnownFileType = folder.assetcatalog; path = Assets.xcassets; sourceTree = "<group>"; };
		30E93BF42C778C34004521AB /* Preview Assets.xcassets */ = {isa = PBXFileReference; lastKnownFileType = folder.assetcatalog; path = "Preview Assets.xcassets"; sourceTree = "<group>"; };
		30E93BFD2C7792AC004521AB /* CircleImage.swift */ = {isa = PBXFileReference; lastKnownFileType = sourcecode.swift; path = CircleImage.swift; sourceTree = "<group>"; };
		30E93BFF2C77933F004521AB /* MapView.swift */ = {isa = PBXFileReference; lastKnownFileType = sourcecode.swift; path = MapView.swift; sourceTree = "<group>"; };
		321AFD9D2C7E48F700EA6F90 /* CategoryHome.swift */ = {isa = PBXFileReference; lastKnownFileType = sourcecode.swift; path = CategoryHome.swift; sourceTree = "<group>"; };
		321AFD9F2C7E4ADE00EA6F90 /* hikeData.json */ = {isa = PBXFileReference; fileEncoding = 4; lastKnownFileType = text.json; path = hikeData.json; sourceTree = "<group>"; };
/* End PBXFileReference section */

/* Begin PBXFrameworksBuildPhase section */
		30E93BE72C778C33004521AB /* Frameworks */ = {
			isa = PBXFrameworksBuildPhase;
			buildActionMask = 2147483647;
			files = (
			);
			runOnlyForDeploymentPostprocessing = 0;
		};
/* End PBXFrameworksBuildPhase section */

/* Begin PBXGroup section */
		307454E02C779E32009EEB13 /* Views */ = {
			isa = PBXGroup;
			children = (
				321AFD9C2C7E48DF00EA6F90 /* Categories */,
				30E93BEF2C778C33004521AB /* ContentView.swift */,
				307454EB2C77E5F2009EEB13 /* Landmarks */,
				307454EC2C77E605009EEB13 /* Helper */,
			);
			path = Views;
			sourceTree = "<group>";
		};
		307454E12C779E52009EEB13 /* Model */ = {
			isa = PBXGroup;
			children = (
				307454DC2C779D17009EEB13 /* Landmark.swift */,
				307454DE2C779DEA009EEB13 /* ModelData.swift */,
			);
			path = Model;
			sourceTree = "<group>";
		};
		307454E22C779E6D009EEB13 /* Resources */ = {
			isa = PBXGroup;
			children = (
				321AFD9F2C7E4ADE00EA6F90 /* hikeData.json */,
				307454DA2C779CF7009EEB13 /* landmarkData.json */,
			);
			path = Resources;
			sourceTree = "<group>";
		};
		307454EB2C77E5F2009EEB13 /* Landmarks */ = {
			isa = PBXGroup;
			children = (
				307454E32C77A1FE009EEB13 /* LandmarkRow.swift */,
				307454E52C77A386009EEB13 /* LandmarkList.swift */,
				307454E72C77A62E009EEB13 /* LandmarkDetail.swift */,
			);
			path = Landmarks;
			sourceTree = "<group>";
		};
		307454EC2C77E605009EEB13 /* Helper */ = {
			isa = PBXGroup;
			children = (
				30E93BFD2C7792AC004521AB /* CircleImage.swift */,
				30E93BFF2C77933F004521AB /* MapView.swift */,
				307454E92C77E53E009EEB13 /* FavoriteButton.swift */,
			);
			path = Helper;
			sourceTree = "<group>";
		};
		30E93BE12C778C33004521AB = {
			isa = PBXGroup;
			children = (
				30E93BEC2C778C33004521AB /* Landmarks */,
				30E93BEB2C778C33004521AB /* Products */,
			);
			sourceTree = "<group>";
		};
		30E93BEB2C778C33004521AB /* Products */ = {
			isa = PBXGroup;
			children = (
				30E93BEA2C778C33004521AB /* Landmarks.app */,
			);
			name = Products;
			sourceTree = "<group>";
		};
		30E93BEC2C778C33004521AB /* Landmarks */ = {
			isa = PBXGroup;
			children = (
				30E93BED2C778C33004521AB /* LandmarksApp.swift */,
				307454E12C779E52009EEB13 /* Model */,
				307454E22C779E6D009EEB13 /* Resources */,
				307454E02C779E32009EEB13 /* Views */,
				30E93BF12C778C34004521AB /* Assets.xcassets */,
				30E93BF32C778C34004521AB /* Preview Content */,
			);
			path = Landmarks;
			sourceTree = "<group>";
		};
		30E93BF32C778C34004521AB /* Preview Content */ = {
			isa = PBXGroup;
			children = (
				30E93BF42C778C34004521AB /* Preview Assets.xcassets */,
			);
			path = "Preview Content";
			sourceTree = "<group>";
		};
		321AFD9C2C7E48DF00EA6F90 /* Categories */ = {
			isa = PBXGroup;
			children = (
				321AFD9D2C7E48F700EA6F90 /* CategoryHome.swift */,
			);
			path = Categories;
			sourceTree = "<group>";
		};
/* End PBXGroup section */

/* Begin PBXNativeTarget section */
		30E93BE92C778C33004521AB /* Landmarks */ = {
			isa = PBXNativeTarget;
			buildConfigurationList = 30E93BF82C778C34004521AB /* Build configuration list for PBXNativeTarget "Landmarks" */;
			buildPhases = (
				30E93BE62C778C33004521AB /* Sources */,
				30E93BE72C778C33004521AB /* Frameworks */,
				30E93BE82C778C33004521AB /* Resources */,
			);
			buildRules = (
			);
			dependencies = (
			);
			name = Landmarks;
			productName = Landmarks;
			productReference = 30E93BEA2C778C33004521AB /* Landmarks.app */;
			productType = "com.apple.product-type.application";
		};
/* End PBXNativeTarget section */

/* Begin PBXProject section */
		30E93BE22C778C33004521AB /* Project object */ = {
			isa = PBXProject;
			attributes = {
				BuildIndependentTargetsInParallel = 1;
				LastSwiftUpdateCheck = 1540;
				LastUpgradeCheck = 1540;
				TargetAttributes = {
					30E93BE92C778C33004521AB = {
						CreatedOnToolsVersion = 15.4;
					};
				};
			};
			buildConfigurationList = 30E93BE52C778C33004521AB /* Build configuration list for PBXProject "Landmarks" */;
			compatibilityVersion = "Xcode 14.0";
			developmentRegion = en;
			hasScannedForEncodings = 0;
			knownRegions = (
				en,
				Base,
			);
			mainGroup = 30E93BE12C778C33004521AB;
			productRefGroup = 30E93BEB2C778C33004521AB /* Products */;
			projectDirPath = "";
			projectRoot = "";
			targets = (
				30E93BE92C778C33004521AB /* Landmarks */,
			);
		};
/* End PBXProject section */

/* Begin PBXResourcesBuildPhase section */
		30E93BE82C778C33004521AB /* Resources */ = {
			isa = PBXResourcesBuildPhase;
			buildActionMask = 2147483647;
			files = (
				321AFDA02C7E4ADE00EA6F90 /* hikeData.json in Resources */,
				30E93BF52C778C34004521AB /* Preview Assets.xcassets in Resources */,
				30E93BF22C778C34004521AB /* Assets.xcassets in Resources */,
				307454DB2C779CF7009EEB13 /* landmarkData.json in Resources */,
			);
			runOnlyForDeploymentPostprocessing = 0;
		};
/* End PBXResourcesBuildPhase section */

/* Begin PBXSourcesBuildPhase section */
		30E93BE62C778C33004521AB /* Sources */ = {
			isa = PBXSourcesBuildPhase;
			buildActionMask = 2147483647;
			files = (
				30E93BF02C778C33004521AB /* ContentView.swift in Sources */,
				30E93C002C77933F004521AB /* MapView.swift in Sources */,
				30E93BEE2C778C33004521AB /* LandmarksApp.swift in Sources */,
				307454EA2C77E53E009EEB13 /* FavoriteButton.swift in Sources */,
				321AFD9E2C7E48F700EA6F90 /* CategoryHome.swift in Sources */,
				307454E62C77A386009EEB13 /* LandmarkList.swift in Sources */,
				307454E82C77A62E009EEB13 /* LandmarkDetail.swift in Sources */,
				30E93BFE2C7792AC004521AB /* CircleImage.swift in Sources */,
				307454DD2C779D17009EEB13 /* Landmark.swift in Sources */,
				307454E42C77A1FE009EEB13 /* LandmarkRow.swift in Sources */,
				307454DF2C779DEA009EEB13 /* ModelData.swift in Sources */,
			);
			runOnlyForDeploymentPostprocessing = 0;
		};
/* End PBXSourcesBuildPhase section */

/* Begin XCBuildConfiguration section */
		30E93BF62C778C34004521AB /* Debug */ = {
			isa = XCBuildConfiguration;
			buildSettings = {
				ALWAYS_SEARCH_USER_PATHS = NO;
				ASSETCATALOG_COMPILER_GENERATE_SWIFT_ASSET_SYMBOL_EXTENSIONS = YES;
				CLANG_ANALYZER_NONNULL = YES;
				CLANG_ANALYZER_NUMBER_OBJECT_CONVERSION = YES_AGGRESSIVE;
				CLANG_CXX_LANGUAGE_STANDARD = "gnu++20";
				CLANG_ENABLE_MODULES = YES;
				CLANG_ENABLE_OBJC_ARC = YES;
				CLANG_ENABLE_OBJC_WEAK = YES;
				CLANG_WARN_BLOCK_CAPTURE_AUTORELEASING = YES;
				CLANG_WARN_BOOL_CONVERSION = YES;
				CLANG_WARN_COMMA = YES;
				CLANG_WARN_CONSTANT_CONVERSION = YES;
				CLANG_WARN_DEPRECATED_OBJC_IMPLEMENTATIONS = YES;
				CLANG_WARN_DIRECT_OBJC_ISA_USAGE = YES_ERROR;
				CLANG_WARN_DOCUMENTATION_COMMENTS = YES;
				CLANG_WARN_EMPTY_BODY = YES;
				CLANG_WARN_ENUM_CONVERSION = YES;
				CLANG_WARN_INFINITE_RECURSION = YES;
				CLANG_WARN_INT_CONVERSION = YES;
				CLANG_WARN_NON_LITERAL_NULL_CONVERSION = YES;
				CLANG_WARN_OBJC_IMPLICIT_RETAIN_SELF = YES;
				CLANG_WARN_OBJC_LITERAL_CONVERSION = YES;
				CLANG_WARN_OBJC_ROOT_CLASS = YES_ERROR;
				CLANG_WARN_QUOTED_INCLUDE_IN_FRAMEWORK_HEADER = YES;
				CLANG_WARN_RANGE_LOOP_ANALYSIS = YES;
				CLANG_WARN_STRICT_PROTOTYPES = YES;
				CLANG_WARN_SUSPICIOUS_MOVE = YES;
				CLANG_WARN_UNGUARDED_AVAILABILITY = YES_AGGRESSIVE;
				CLANG_WARN_UNREACHABLE_CODE = YES;
				CLANG_WARN__DUPLICATE_METHOD_MATCH = YES;
				COPY_PHASE_STRIP = NO;
				DEBUG_INFORMATION_FORMAT = dwarf;
				ENABLE_STRICT_OBJC_MSGSEND = YES;
				ENABLE_TESTABILITY = YES;
				ENABLE_USER_SCRIPT_SANDBOXING = YES;
				GCC_C_LANGUAGE_STANDARD = gnu17;
				GCC_DYNAMIC_NO_PIC = NO;
				GCC_NO_COMMON_BLOCKS = YES;
				GCC_OPTIMIZATION_LEVEL = 0;
				GCC_PREPROCESSOR_DEFINITIONS = (
					"DEBUG=1",
					"$(inherited)",
				);
				GCC_WARN_64_TO_32_BIT_CONVERSION = YES;
				GCC_WARN_ABOUT_RETURN_TYPE = YES_ERROR;
				GCC_WARN_UNDECLARED_SELECTOR = YES;
				GCC_WARN_UNINITIALIZED_AUTOS = YES_AGGRESSIVE;
				GCC_WARN_UNUSED_FUNCTION = YES;
				GCC_WARN_UNUSED_VARIABLE = YES;
				IPHONEOS_DEPLOYMENT_TARGET = 17.5;
				LOCALIZATION_PREFERS_STRING_CATALOGS = YES;
				MTL_ENABLE_DEBUG_INFO = INCLUDE_SOURCE;
				MTL_FAST_MATH = YES;
				ONLY_ACTIVE_ARCH = YES;
				SDKROOT = iphoneos;
				SWIFT_ACTIVE_COMPILATION_CONDITIONS = "DEBUG $(inherited)";
				SWIFT_OPTIMIZATION_LEVEL = "-Onone";
			};
			name = Debug;
		};
		30E93BF72C778C34004521AB /* Release */ = {
			isa = XCBuildConfiguration;
			buildSettings = {
				ALWAYS_SEARCH_USER_PATHS = NO;
				ASSETCATALOG_COMPILER_GENERATE_SWIFT_ASSET_SYMBOL_EXTENSIONS = YES;
				CLANG_ANALYZER_NONNULL = YES;
				CLANG_ANALYZER_NUMBER_OBJECT_CONVERSION = YES_AGGRESSIVE;
				CLANG_CXX_LANGUAGE_STANDARD = "gnu++20";
				CLANG_ENABLE_MODULES = YES;
				CLANG_ENABLE_OBJC_ARC = YES;
				CLANG_ENABLE_OBJC_WEAK = YES;
				CLANG_WARN_BLOCK_CAPTURE_AUTORELEASING = YES;
				CLANG_WARN_BOOL_CONVERSION = YES;
				CLANG_WARN_COMMA = YES;
				CLANG_WARN_CONSTANT_CONVERSION = YES;
				CLANG_WARN_DEPRECATED_OBJC_IMPLEMENTATIONS = YES;
				CLANG_WARN_DIRECT_OBJC_ISA_USAGE = YES_ERROR;
				CLANG_WARN_DOCUMENTATION_COMMENTS = YES;
				CLANG_WARN_EMPTY_BODY = YES;
				CLANG_WARN_ENUM_CONVERSION = YES;
				CLANG_WARN_INFINITE_RECURSION = YES;
				CLANG_WARN_INT_CONVERSION = YES;
				CLANG_WARN_NON_LITERAL_NULL_CONVERSION = YES;
				CLANG_WARN_OBJC_IMPLICIT_RETAIN_SELF = YES;
				CLANG_WARN_OBJC_LITERAL_CONVERSION = YES;
				CLANG_WARN_OBJC_ROOT_CLASS = YES_ERROR;
				CLANG_WARN_QUOTED_INCLUDE_IN_FRAMEWORK_HEADER = YES;
				CLANG_WARN_RANGE_LOOP_ANALYSIS = YES;
				CLANG_WARN_STRICT_PROTOTYPES = YES;
				CLANG_WARN_SUSPICIOUS_MOVE = YES;
				CLANG_WARN_UNGUARDED_AVAILABILITY = YES_AGGRESSIVE;
				CLANG_WARN_UNREACHABLE_CODE = YES;
				CLANG_WARN__DUPLICATE_METHOD_MATCH = YES;
				COPY_PHASE_STRIP = NO;
				DEBUG_INFORMATION_FORMAT = "dwarf-with-dsym";
				ENABLE_NS_ASSERTIONS = NO;
				ENABLE_STRICT_OBJC_MSGSEND = YES;
				ENABLE_USER_SCRIPT_SANDBOXING = YES;
				GCC_C_LANGUAGE_STANDARD = gnu17;
				GCC_NO_COMMON_BLOCKS = YES;
				GCC_WARN_64_TO_32_BIT_CONVERSION = YES;
				GCC_WARN_ABOUT_RETURN_TYPE = YES_ERROR;
				GCC_WARN_UNDECLARED_SELECTOR = YES;
				GCC_WARN_UNINITIALIZED_AUTOS = YES_AGGRESSIVE;
				GCC_WARN_UNUSED_FUNCTION = YES;
				GCC_WARN_UNUSED_VARIABLE = YES;
				IPHONEOS_DEPLOYMENT_TARGET = 17.5;
				LOCALIZATION_PREFERS_STRING_CATALOGS = YES;
				MTL_ENABLE_DEBUG_INFO = NO;
				MTL_FAST_MATH = YES;
				SDKROOT = iphoneos;
				SWIFT_COMPILATION_MODE = wholemodule;
				VALIDATE_PRODUCT = YES;
			};
			name = Release;
		};
		30E93BF92C778C34004521AB /* Debug */ = {
			isa = XCBuildConfiguration;
			buildSettings = {
				ASSETCATALOG_COMPILER_APPICON_NAME = AppIcon;
				ASSETCATALOG_COMPILER_GLOBAL_ACCENT_COLOR_NAME = AccentColor;
				CODE_SIGN_STYLE = Automatic;
				CURRENT_PROJECT_VERSION = 1;
				DEVELOPMENT_ASSET_PATHS = "\"Landmarks/Preview Content\"";
				DEVELOPMENT_TEAM = M5S78MASB2;
				ENABLE_PREVIEWS = YES;
				GENERATE_INFOPLIST_FILE = YES;
				INFOPLIST_KEY_UIApplicationSceneManifest_Generation = YES;
				INFOPLIST_KEY_UIApplicationSupportsIndirectInputEvents = YES;
				INFOPLIST_KEY_UILaunchScreen_Generation = YES;
				INFOPLIST_KEY_UISupportedInterfaceOrientations_iPad = "UIInterfaceOrientationPortrait UIInterfaceOrientationPortraitUpsideDown UIInterfaceOrientationLandscapeLeft UIInterfaceOrientationLandscapeRight";
				INFOPLIST_KEY_UISupportedInterfaceOrientations_iPhone = "UIInterfaceOrientationPortrait UIInterfaceOrientationLandscapeLeft UIInterfaceOrientationLandscapeRight";
				LD_RUNPATH_SEARCH_PATHS = (
					"$(inherited)",
					"@executable_path/Frameworks",
				);
				MARKETING_VERSION = 1.0;
				PRODUCT_BUNDLE_IDENTIFIER = heather.Landmarks;
				PRODUCT_NAME = "$(TARGET_NAME)";
				SWIFT_EMIT_LOC_STRINGS = YES;
				SWIFT_VERSION = 5.0;
				TARGETED_DEVICE_FAMILY = "1,2";
			};
			name = Debug;
		};
		30E93BFA2C778C34004521AB /* Release */ = {
			isa = XCBuildConfiguration;
			buildSettings = {
				ASSETCATALOG_COMPILER_APPICON_NAME = AppIcon;
				ASSETCATALOG_COMPILER_GLOBAL_ACCENT_COLOR_NAME = AccentColor;
				CODE_SIGN_STYLE = Automatic;
				CURRENT_PROJECT_VERSION = 1;
				DEVELOPMENT_ASSET_PATHS = "\"Landmarks/Preview Content\"";
				DEVELOPMENT_TEAM = M5S78MASB2;
				ENABLE_PREVIEWS = YES;
				GENERATE_INFOPLIST_FILE = YES;
				INFOPLIST_KEY_UIApplicationSceneManifest_Generation = YES;
				INFOPLIST_KEY_UIApplicationSupportsIndirectInputEvents = YES;
				INFOPLIST_KEY_UILaunchScreen_Generation = YES;
				INFOPLIST_KEY_UISupportedInterfaceOrientations_iPad = "UIInterfaceOrientationPortrait UIInterfaceOrientationPortraitUpsideDown UIInterfaceOrientationLandscapeLeft UIInterfaceOrientationLandscapeRight";
				INFOPLIST_KEY_UISupportedInterfaceOrientations_iPhone = "UIInterfaceOrientationPortrait UIInterfaceOrientationLandscapeLeft UIInterfaceOrientationLandscapeRight";
				LD_RUNPATH_SEARCH_PATHS = (
					"$(inherited)",
					"@executable_path/Frameworks",
				);
				MARKETING_VERSION = 1.0;
				PRODUCT_BUNDLE_IDENTIFIER = heather.Landmarks;
				PRODUCT_NAME = "$(TARGET_NAME)";
				SWIFT_EMIT_LOC_STRINGS = YES;
				SWIFT_VERSION = 5.0;
				TARGETED_DEVICE_FAMILY = "1,2";
			};
			name = Release;
		};
/* End XCBuildConfiguration section */

/* Begin XCConfigurationList section */
		30E93BE52C778C33004521AB /* Build configuration list for PBXProject "Landmarks" */ = {
			isa = XCConfigurationList;
			buildConfigurations = (
				30E93BF62C778C34004521AB /* Debug */,
				30E93BF72C778C34004521AB /* Release */,
			);
			defaultConfigurationIsVisible = 0;
			defaultConfigurationName = Release;
		};
		30E93BF82C778C34004521AB /* Build configuration list for PBXNativeTarget "Landmarks" */ = {
			isa = XCConfigurationList;
			buildConfigurations = (
				30E93BF92C778C34004521AB /* Debug */,
				30E93BFA2C778C34004521AB /* Release */,
			);
			defaultConfigurationIsVisible = 0;
			defaultConfigurationName = Release;
		};
/* End XCConfigurationList section */
	};
	rootObject = 30E93BE22C778C33004521AB /* Project object */;
}
